<?xml version="1.0" encoding="utf-8"?>
<Project ToolsVersion="4.0" xmlns="http://schemas.microsoft.com/developer/msbuild/2003">
  <ItemGroup>
    <Filter Include="Source Files">
      <UniqueIdentifier>{4FC737F1-C7A5-4376-A066-2A32D752A2FF}</UniqueIdentifier>
      <Extensions>cpp;c;cc;cxx;c++;cppm;ixx;def;odl;idl;hpj;bat;asm;asmx</Extensions>
    </Filter>
    <Filter Include="Header Files">
      <UniqueIdentifier>{93995380-89BD-4b04-88EB-625FBE52EBFB}</UniqueIdentifier>
      <Extensions>h;hh;hpp;hxx;h++;hm;inl;inc;ipp;xsd</Extensions>
    </Filter>
    <Filter Include="Resource Files">
      <UniqueIdentifier>{67DA6AB6-F800-4c08-8B7A-83BB121AAD01}</UniqueIdentifier>
      <Extensions>rc;ico;cur;bmp;dlg;rc2;rct;bin;rgs;gif;jpg;jpeg;jpe;resx;tiff;tif;png;wav;mfcribbon-ms</Extensions>
    </Filter>
  </ItemGroup>
  <ItemGroup>
    <ClCompile Include="..\source\ConfigMgmt.cpp">
      <Filter>Source Files</Filter>
    </ClCompile>
    <ClCompile Include="..\source\IniFile.cpp">
      <Filter>Source Files</Filter>
    </ClCompile>
    <ClCompile Include="..\source\IniStorage.cpp">
      <Filter>Source Files</Filter>
    </ClCompile>
    <ClCompile Include="..\source\xConfig.cpp">
      <Filter>Source Files</Filter>
    </ClCompile>
    <ClCompile Include="..\source\json_api.cpp">
      <Filter>Source Files</Filter>
    </ClCompile>
    <ClCompile Include="..\source\string_encode.cpp">
      <Filter>Source Files</Filter>
    </ClCompile>
    <ClCompile Include="..\source\XmlStorage.cpp">
      <Filter>Source Files</Filter>
    </ClCompile>
    <ClCompile Include="..\source\JsonStorage.cpp">
      <Filter>Source Files</Filter>
    </ClCompile>
  </ItemGroup>
  <ItemGroup>
    <ClInclude Include="..\include\boost_inc.h">
      <Filter>Header Files</Filter>
    </ClInclude>
    <ClInclude Include="..\include\ConfigMgmt.h">
      <Filter>Header Files</Filter>
    </ClInclude>
    <ClInclude Include="..\include\framework.h">
      <Filter>Header Files</Filter>
    </ClInclude>
    <ClInclude Include="..\include\IniFile.h">
      <Filter>Header Files</Filter>
    </ClInclude>
    <ClInclude Include="..\include\IniStorage.h">
      <Filter>Header Files</Filter>
    </ClInclude>
    <ClInclude Include="..\include\std_inc.h">
      <Filter>Header Files</Filter>
    </ClInclude>
    <ClInclude Include="..\include\xConfig.h">
      <Filter>Header Files</Filter>
    </ClInclude>
    <ClInclude Include="..\include\xStorage.h">
      <Filter>Header Files</Filter>
    </ClInclude>
    <ClInclude Include="..\include\xVisitor.h">
      <Filter>Header Files</Filter>
    </ClInclude>
    <ClInclude Include="..\include\json_api.h">
      <Filter>Header Files</Filter>
    </ClInclude>
    <ClInclude Include="..\include\string_encode.h">
      <Filter>Header Files</Filter>
    </ClInclude>
    <ClInclude Include="..\include\XmlStorage.h">
      <Filter>Header Files</Filter>
    </ClInclude>
    <ClInclude Include="..\include\modules.h">
      <Filter>Header Files</Filter>
    </ClInclude>
    <ClInclude Include="..\include\JsonStorage.h">
      <Filter>Header Files</Filter>
    </ClInclude>
  </ItemGroup>
</Project>